
Microsoft Visual Studio Solution File, Format Version 12.00
Project("{FAE04EC0-301F-11D3-BF4B-00C04F79EFBC}") = "jcdcdev.Valheim.Signs", "jcdcdev.Valheim.Signs\jcdcdev.Valheim.Signs.csproj", "{915F70BA-D5B8-46C3-9D78-BCD7472FBE25}"
EndProject
Global
	GlobalSection(SolutionConfigurationPlatforms) = preSolution
		Debug|Any CPU = Debug|Any CPU
		Release|Any CPU = Release|Any CPU
	EndGlobalSection
	GlobalSection(ProjectConfigurationPlatforms) = postSolution
		{915F70BA-D5B8-46C3-9D78-BCD7472FBE25}.Debug|Any CPU.ActiveCfg = Debug|Any CPU
		{915F70BA-D5B8-46C3-9D78-BCD7472FBE25}.Debug|Any CPU.Build.0 = Debug|Any CPU
		{915F70BA-D5B8-46C3-9D78-BCD7472FBE25}.Release|Any CPU.ActiveCfg = Release|Any CPU
		{915F70BA-D5B8-46C3-9D78-BCD7472FBE25}.Release|Any CPU.Build.0 = Release|Any CPU
	EndGlobalSection
EndGlobal
